
Microsoft Visual Studio Solution File, Format Version 12.00
Project("{FAE04EC0-301F-11D3-BF4B-00C04F79EFBC}") = "CourseWork", "CourseWork\CourseWork.csproj", "{6E9E4400-D432-40C9-AB78-05687F75AF56}"
EndProject
Global
	GlobalSection(SolutionConfigurationPlatforms) = preSolution
		Debug|Any CPU = Debug|Any CPU
		Release|Any CPU = Release|Any CPU
	EndGlobalSection
	GlobalSection(ProjectConfigurationPlatforms) = postSolution
		{6E9E4400-D432-40C9-AB78-05687F75AF56}.Debug|Any CPU.ActiveCfg = Debug|Any CPU
		{6E9E4400-D432-40C9-AB78-05687F75AF56}.Debug|Any CPU.Build.0 = Debug|Any CPU
		{6E9E4400-D432-40C9-AB78-05687F75AF56}.Release|Any CPU.ActiveCfg = Release|Any CPU
		{6E9E4400-D432-40C9-AB78-05687F75AF56}.Release|Any CPU.Build.0 = Release|Any CPU
	EndGlobalSection
EndGlobal
