
Microsoft Visual Studio Solution File, Format Version 12.00
# Visual Studio Version 16
VisualStudioVersion = 16.0.29025.244
MinimumVisualStudioVersion = 10.0.40219.1
Project("{8BC9CEB8-8B4A-11D0-8D11-00A0C91BC942}") = "SPCourceWork", "SPCourceWork.vcxproj", "{5942DE33-CAA3-4DF1-8821-9E591626CC2B}"
EndProject
Global
	GlobalSection(SolutionConfigurationPlatforms) = preSolution
		Debug|x64 = Debug|x64
		Debug|x86 = Debug|x86
		Release|x64 = Release|x64
		Release|x86 = Release|x86
	EndGlobalSection
	GlobalSection(ProjectConfigurationPlatforms) = postSolution
		{5942DE33-CAA3-4DF1-8821-9E591626CC2B}.Debug|x64.ActiveCfg = Debug|x64
		{5942DE33-CAA3-4DF1-8821-9E591626CC2B}.Debug|x64.Build.0 = Debug|x64
		{5942DE33-CAA3-4DF1-8821-9E591626CC2B}.Debug|x86.ActiveCfg = Debug|Win32
		{5942DE33-CAA3-4DF1-8821-9E591626CC2B}.Debug|x86.Build.0 = Debug|Win32
		{5942DE33-CAA3-4DF1-8821-9E591626CC2B}.Release|x64.ActiveCfg = Release|x64
		{5942DE33-CAA3-4DF1-8821-9E591626CC2B}.Release|x64.Build.0 = Release|x64
		{5942DE33-CAA3-4DF1-8821-9E591626CC2B}.Release|x86.ActiveCfg = Release|Win32
		{5942DE33-CAA3-4DF1-8821-9E591626CC2B}.Release|x86.Build.0 = Release|Win32
	EndGlobalSection
	GlobalSection(SolutionProperties) = preSolution
		HideSolutionNode = FALSE
	EndGlobalSection
	GlobalSection(ExtensibilityGlobals) = postSolution
		SolutionGuid = {C3647BE8-CA58-4911-B334-5E60F355AE8F}
	EndGlobalSection
EndGlobal
